
Microsoft Visual Studio Solution File, Format Version 12.00
# Visual Studio Version 17
VisualStudioVersion = 17.0.31903.59
MinimumVisualStudioVersion = 10.0.40219.1
Project("{2150E333-8FDC-42A3-9474-1A3956D46DE8}") = "Shared", "Shared", "{E4D0B433-A99A-4589-B621-5AEDBB4D6484}"
EndProject
Project("{2150E333-8FDC-42A3-9474-1A3956D46DE8}") = "Orders", "Orders", "{3E1AD5D3-734B-4D48-8DEE-12B5436715B0}"
EndProject
Project("{2150E333-8FDC-42A3-9474-1A3956D46DE8}") = "Inventory", "Inventory", "{FAEA382F-B5D0-4BC6-AA0E-530F342D637D}"
EndProject
Project("{2150E333-8FDC-42A3-9474-1A3956D46DE8}") = "Notifications", "Notifications", "{8B763287-B537-4C5A-816D-BD4A5DA42DED}"
EndProject
Project("{9A19103F-16F7-4668-BE54-9A1E7A4F7556}") = "OrdersService", "src\OrdersService\OrdersService.csproj", "{3CAA7586-72DA-463F-B765-AA8589CFFB10}"
EndProject
Project("{9A19103F-16F7-4668-BE54-9A1E7A4F7556}") = "InventoryService", "src\InventoryService\InventoryService.csproj", "{3B0F18F9-D26A-4EBA-A532-57F8B2997DE7}"
EndProject
Project("{9A19103F-16F7-4668-BE54-9A1E7A4F7556}") = "NotificationsService", "src\NotificationsService\NotificationsService.csproj", "{804CC94B-C918-4D75-830A-FA068693359D}"
EndProject
Project("{9A19103F-16F7-4668-BE54-9A1E7A4F7556}") = "Common", "src\Common\Common.csproj", "{21FBF85C-4001-4528-8311-46AAFE6C7562}"
EndProject
Project("{2150E333-8FDC-42A3-9474-1A3956D46DE8}") = "Solution Items", "Solution Items", "{F0220954-9DE9-4936-8400-CCC2911F21E4}"
	ProjectSection(SolutionItems) = preProject
		docker-compose.yml = docker-compose.yml
	EndProjectSection
EndProject
Global
	GlobalSection(SolutionConfigurationPlatforms) = preSolution
		Debug|Any CPU = Debug|Any CPU
		Release|Any CPU = Release|Any CPU
	EndGlobalSection
	GlobalSection(ProjectConfigurationPlatforms) = postSolution
		{3CAA7586-72DA-463F-B765-AA8589CFFB10}.Debug|Any CPU.ActiveCfg = Debug|Any CPU
		{3CAA7586-72DA-463F-B765-AA8589CFFB10}.Debug|Any CPU.Build.0 = Debug|Any CPU
		{3CAA7586-72DA-463F-B765-AA8589CFFB10}.Release|Any CPU.ActiveCfg = Release|Any CPU
		{3CAA7586-72DA-463F-B765-AA8589CFFB10}.Release|Any CPU.Build.0 = Release|Any CPU
		{3B0F18F9-D26A-4EBA-A532-57F8B2997DE7}.Debug|Any CPU.ActiveCfg = Debug|Any CPU
		{3B0F18F9-D26A-4EBA-A532-57F8B2997DE7}.Debug|Any CPU.Build.0 = Debug|Any CPU
		{3B0F18F9-D26A-4EBA-A532-57F8B2997DE7}.Release|Any CPU.ActiveCfg = Release|Any CPU
		{3B0F18F9-D26A-4EBA-A532-57F8B2997DE7}.Release|Any CPU.Build.0 = Release|Any CPU
		{804CC94B-C918-4D75-830A-FA068693359D}.Debug|Any CPU.ActiveCfg = Debug|Any CPU
		{804CC94B-C918-4D75-830A-FA068693359D}.Debug|Any CPU.Build.0 = Debug|Any CPU
		{804CC94B-C918-4D75-830A-FA068693359D}.Release|Any CPU.ActiveCfg = Release|Any CPU
		{804CC94B-C918-4D75-830A-FA068693359D}.Release|Any CPU.Build.0 = Release|Any CPU
		{21FBF85C-4001-4528-8311-46AAFE6C7562}.Debug|Any CPU.ActiveCfg = Debug|Any CPU
		{21FBF85C-4001-4528-8311-46AAFE6C7562}.Debug|Any CPU.Build.0 = Debug|Any CPU
		{21FBF85C-4001-4528-8311-46AAFE6C7562}.Release|Any CPU.ActiveCfg = Release|Any CPU
		{21FBF85C-4001-4528-8311-46AAFE6C7562}.Release|Any CPU.Build.0 = Release|Any CPU
	EndGlobalSection
	GlobalSection(SolutionProperties) = preSolution
		HideSolutionNode = FALSE
	EndGlobalSection
	GlobalSection(NestedProjects) = preSolution
		{3CAA7586-72DA-463F-B765-AA8589CFFB10} = {3E1AD5D3-734B-4D48-8DEE-12B5436715B0}
		{3B0F18F9-D26A-4EBA-A532-57F8B2997DE7} = {FAEA382F-B5D0-4BC6-AA0E-530F342D637D}
		{804CC94B-C918-4D75-830A-FA068693359D} = {8B763287-B537-4C5A-816D-BD4A5DA42DED}
		{21FBF85C-4001-4528-8311-46AAFE6C7562} = {E4D0B433-A99A-4589-B621-5AEDBB4D6484}
	EndGlobalSection
	GlobalSection(ExtensibilityGlobals) = postSolution
		SolutionGuid = {9F221991-61BD-45EF-A37E-C027198569AA}
	EndGlobalSection
EndGlobal
